
Microsoft Visual Studio Solution File, Format Version 12.00
# Visual Studio Version 17
VisualStudioVersion = 17.3.32922.545
MinimumVisualStudioVersion = 10.0.40219.1
Project("{9A19103F-16F7-4668-BE54-9A1E7A4F7556}") = "ShakuntEnterprises", "ShakuntEnterprises\ShakuntEnterprises.csproj", "{F43DD360-1B2D-4C2D-959F-D5E77F8146B6}"
EndProject
Project("{FAE04EC0-301F-11D3-BF4B-00C04F79EFBC}") = "RDLCDesign", "RDLCDesign\RDLCDesign.csproj", "{00935613-8E6A-423F-9E93-220D02AE04F0}"
EndProject
Global
	GlobalSection(SolutionConfigurationPlatforms) = preSolution
		Debug|Any CPU = Debug|Any CPU
		Release|Any CPU = Release|Any CPU
	EndGlobalSection
	GlobalSection(ProjectConfigurationPlatforms) = postSolution
		{F43DD360-1B2D-4C2D-959F-D5E77F8146B6}.Debug|Any CPU.ActiveCfg = Debug|Any CPU
		{F43DD360-1B2D-4C2D-959F-D5E77F8146B6}.Debug|Any CPU.Build.0 = Debug|Any CPU
		{F43DD360-1B2D-4C2D-959F-D5E77F8146B6}.Release|Any CPU.ActiveCfg = Release|Any CPU
		{F43DD360-1B2D-4C2D-959F-D5E77F8146B6}.Release|Any CPU.Build.0 = Release|Any CPU
		{00935613-8E6A-423F-9E93-220D02AE04F0}.Debug|Any CPU.ActiveCfg = Debug|Any CPU
		{00935613-8E6A-423F-9E93-220D02AE04F0}.Debug|Any CPU.Build.0 = Debug|Any CPU
		{00935613-8E6A-423F-9E93-220D02AE04F0}.Release|Any CPU.ActiveCfg = Release|Any CPU
		{00935613-8E6A-423F-9E93-220D02AE04F0}.Release|Any CPU.Build.0 = Release|Any CPU
	EndGlobalSection
	GlobalSection(SolutionProperties) = preSolution
		HideSolutionNode = FALSE
	EndGlobalSection
	GlobalSection(ExtensibilityGlobals) = postSolution
		SolutionGuid = {E635BF38-8EA5-4CB9-9D75-F502E4693E5A}
	EndGlobalSection
EndGlobal
